// !$*UTF8*$!
{
	archiveVersion = 1;
	classes = {
	};
	objectVersion = 56;
	objects = {

/* Begin PBXBuildFile section */
		6EA056522972F82600F39AAC /* ScoreTrackApp.swift in Sources */ = {isa = PBXBuildFile; fileRef = 6EA056512972F82600F39AAC /* ScoreTrackApp.swift */; };
		6EA056562972F82800F39AAC /* Assets.xcassets in Resources */ = {isa = PBXBuildFile; fileRef = 6EA056552972F82800F39AAC /* Assets.xcassets */; };
		6EA056592972F82800F39AAC /* Preview Assets.xcassets in Resources */ = {isa = PBXBuildFile; fileRef = 6EA056582972F82800F39AAC /* Preview Assets.xcassets */; };
		6EA056612972F8C700F39AAC /* Theme.swift in Sources */ = {isa = PBXBuildFile; fileRef = 6EA056602972F8C700F39AAC /* Theme.swift */; };
		6EA056632972FAA000F39AAC /* MatchInfo.swift in Sources */ = {isa = PBXBuildFile; fileRef = 6EA056622972FAA000F39AAC /* MatchInfo.swift */; };
		6EA056652972FCA300F39AAC /* MatchView.swift in Sources */ = {isa = PBXBuildFile; fileRef = 6EA056642972FCA200F39AAC /* MatchView.swift */; };
		6EA056672973067300F39AAC /* MatchesView.swift in Sources */ = {isa = PBXBuildFile; fileRef = 6EA056662973067300F39AAC /* MatchesView.swift */; };
		6EA056692973104100F39AAC /* DetailView.swift in Sources */ = {isa = PBXBuildFile; fileRef = 6EA056682973104100F39AAC /* DetailView.swift */; };
/* End PBXBuildFile section */

/* Begin PBXFileReference section */
		6EA0564E2972F82600F39AAC /* ScoreTrack.app */ = {isa = PBXFileReference; explicitFileType = wrapper.application; includeInIndex = 0; path = ScoreTrack.app; sourceTree = BUILT_PRODUCTS_DIR; };
		6EA056512972F82600F39AAC /* ScoreTrackApp.swift */ = {isa = PBXFileReference; lastKnownFileType = sourcecode.swift; path = ScoreTrackApp.swift; sourceTree = "<group>"; };
		6EA056552972F82800F39AAC /* Assets.xcassets */ = {isa = PBXFileReference; lastKnownFileType = folder.assetcatalog; path = Assets.xcassets; sourceTree = "<group>"; };
		6EA056582972F82800F39AAC /* Preview Assets.xcassets */ = {isa = PBXFileReference; lastKnownFileType = folder.assetcatalog; path = "Preview Assets.xcassets"; sourceTree = "<group>"; };
		6EA056602972F8C700F39AAC /* Theme.swift */ = {isa = PBXFileReference; lastKnownFileType = sourcecode.swift; path = Theme.swift; sourceTree = "<group>"; };
		6EA056622972FAA000F39AAC /* MatchInfo.swift */ = {isa = PBXFileReference; lastKnownFileType = sourcecode.swift; path = MatchInfo.swift; sourceTree = "<group>"; };
		6EA056642972FCA200F39AAC /* MatchView.swift */ = {isa = PBXFileReference; lastKnownFileType = sourcecode.swift; path = MatchView.swift; sourceTree = "<group>"; };
		6EA056662973067300F39AAC /* MatchesView.swift */ = {isa = PBXFileReference; lastKnownFileType = sourcecode.swift; path = MatchesView.swift; sourceTree = "<group>"; };
		6EA056682973104100F39AAC /* DetailView.swift */ = {isa = PBXFileReference; lastKnownFileType = sourcecode.swift; path = DetailView.swift; sourceTree = "<group>"; };
/* End PBXFileReference section */

/* Begin PBXFrameworksBuildPhase section */
		6EA0564B2972F82600F39AAC /* Frameworks */ = {
			isa = PBXFrameworksBuildPhase;
			buildActionMask = 2147483647;
			files = (
			);
			runOnlyForDeploymentPostprocessing = 0;
		};
/* End PBXFrameworksBuildPhase section */

/* Begin PBXGroup section */
		6EA056452972F82600F39AAC = {
			isa = PBXGroup;
			children = (
				6EA056502972F82600F39AAC /* ScoreTrack */,
				6EA0564F2972F82600F39AAC /* Products */,
			);
			sourceTree = "<group>";
		};
		6EA0564F2972F82600F39AAC /* Products */ = {
			isa = PBXGroup;
			children = (
				6EA0564E2972F82600F39AAC /* ScoreTrack.app */,
			);
			name = Products;
			sourceTree = "<group>";
		};
		6EA056502972F82600F39AAC /* ScoreTrack */ = {
			isa = PBXGroup;
			children = (
				6EA056512972F82600F39AAC /* ScoreTrackApp.swift */,
				6EA056662973067300F39AAC /* MatchesView.swift */,
				6EA056642972FCA200F39AAC /* MatchView.swift */,
				6EA056682973104100F39AAC /* DetailView.swift */,
				6EA0565F2972F89800F39AAC /* Models */,
				6EA056552972F82800F39AAC /* Assets.xcassets */,
				6EA056572972F82800F39AAC /* Preview Content */,
			);
			path = ScoreTrack;
			sourceTree = "<group>";
		};
		6EA056572972F82800F39AAC /* Preview Content */ = {
			isa = PBXGroup;
			children = (
				6EA056582972F82800F39AAC /* Preview Assets.xcassets */,
			);
			path = "Preview Content";
			sourceTree = "<group>";
		};
		6EA0565F2972F89800F39AAC /* Models */ = {
			isa = PBXGroup;
			children = (
				6EA056602972F8C700F39AAC /* Theme.swift */,
				6EA056622972FAA000F39AAC /* MatchInfo.swift */,
			);
			path = Models;
			sourceTree = "<group>";
		};
/* End PBXGroup section */

/* Begin PBXNativeTarget section */
		6EA0564D2972F82600F39AAC /* ScoreTrack */ = {
			isa = PBXNativeTarget;
			buildConfigurationList = 6EA0565C2972F82800F39AAC /* Build configuration list for PBXNativeTarget "ScoreTrack" */;
			buildPhases = (
				6EA0564A2972F82600F39AAC /* Sources */,
				6EA0564B2972F82600F39AAC /* Frameworks */,
				6EA0564C2972F82600F39AAC /* Resources */,
			);
			buildRules = (
			);
			dependencies = (
			);
			name = ScoreTrack;
			productName = ScoreTrack;
			productReference = 6EA0564E2972F82600F39AAC /* ScoreTrack.app */;
			productType = "com.apple.product-type.application";
		};
/* End PBXNativeTarget section */

/* Begin PBXProject section */
		6EA056462972F82600F39AAC /* Project object */ = {
			isa = PBXProject;
			attributes = {
				BuildIndependentTargetsInParallel = 1;
				LastSwiftUpdateCheck = 1420;
				LastUpgradeCheck = 1420;
				TargetAttributes = {
					6EA0564D2972F82600F39AAC = {
						CreatedOnToolsVersion = 14.2;
					};
				};
			};
			buildConfigurationList = 6EA056492972F82600F39AAC /* Build configuration list for PBXProject "ScoreTrack" */;
			compatibilityVersion = "Xcode 14.0";
			developmentRegion = en;
			hasScannedForEncodings = 0;
			knownRegions = (
				en,
				Base,
			);
			mainGroup = 6EA056452972F82600F39AAC;
			productRefGroup = 6EA0564F2972F82600F39AAC /* Products */;
			projectDirPath = "";
			projectRoot = "";
			targets = (
				6EA0564D2972F82600F39AAC /* ScoreTrack */,
			);
		};
/* End PBXProject section */

/* Begin PBXResourcesBuildPhase section */
		6EA0564C2972F82600F39AAC /* Resources */ = {
			isa = PBXResourcesBuildPhase;
			buildActionMask = 2147483647;
			files = (
				6EA056592972F82800F39AAC /* Preview Assets.xcassets in Resources */,
				6EA056562972F82800F39AAC /* Assets.xcassets in Resources */,
			);
			runOnlyForDeploymentPostprocessing = 0;
		};
/* End PBXResourcesBuildPhase section */

/* Begin PBXSourcesBuildPhase section */
		6EA0564A2972F82600F39AAC /* Sources */ = {
			isa = PBXSourcesBuildPhase;
			buildActionMask = 2147483647;
			files = (
				6EA056612972F8C700F39AAC /* Theme.swift in Sources */,
				6EA056692973104100F39AAC /* DetailView.swift in Sources */,
				6EA056652972FCA300F39AAC /* MatchView.swift in Sources */,
				6EA056632972FAA000F39AAC /* MatchInfo.swift in Sources */,
				6EA056672973067300F39AAC /* MatchesView.swift in Sources */,
				6EA056522972F82600F39AAC /* ScoreTrackApp.swift in Sources */,
			);
			runOnlyForDeploymentPostprocessing = 0;
		};
/* End PBXSourcesBuildPhase section */

/* Begin XCBuildConfiguration section */
		6EA0565A2972F82800F39AAC /* Debug */ = {
			isa = XCBuildConfiguration;
			buildSettings = {
				ALWAYS_SEARCH_USER_PATHS = NO;
				CLANG_ANALYZER_NONNULL = YES;
				CLANG_ANALYZER_NUMBER_OBJECT_CONVERSION = YES_AGGRESSIVE;
				CLANG_CXX_LANGUAGE_STANDARD = "gnu++20";
				CLANG_ENABLE_MODULES = YES;
				CLANG_ENABLE_OBJC_ARC = YES;
				CLANG_ENABLE_OBJC_WEAK = YES;
				CLANG_WARN_BLOCK_CAPTURE_AUTORELEASING = YES;
				CLANG_WARN_BOOL_CONVERSION = YES;
				CLANG_WARN_COMMA = YES;
				CLANG_WARN_CONSTANT_CONVERSION = YES;
				CLANG_WARN_DEPRECATED_OBJC_IMPLEMENTATIONS = YES;
				CLANG_WARN_DIRECT_OBJC_ISA_USAGE = YES_ERROR;
				CLANG_WARN_DOCUMENTATION_COMMENTS = YES;
				CLANG_WARN_EMPTY_BODY = YES;
				CLANG_WARN_ENUM_CONVERSION = YES;
				CLANG_WARN_INFINITE_RECURSION = YES;
				CLANG_WARN_INT_CONVERSION = YES;
				CLANG_WARN_NON_LITERAL_NULL_CONVERSION = YES;
				CLANG_WARN_OBJC_IMPLICIT_RETAIN_SELF = YES;
				CLANG_WARN_OBJC_LITERAL_CONVERSION = YES;
				CLANG_WARN_OBJC_ROOT_CLASS = YES_ERROR;
				CLANG_WARN_QUOTED_INCLUDE_IN_FRAMEWORK_HEADER = YES;
				CLANG_WARN_RANGE_LOOP_ANALYSIS = YES;
				CLANG_WARN_STRICT_PROTOTYPES = YES;
				CLANG_WARN_SUSPICIOUS_MOVE = YES;
				CLANG_WARN_UNGUARDED_AVAILABILITY = YES_AGGRESSIVE;
				CLANG_WARN_UNREACHABLE_CODE = YES;
				CLANG_WARN__DUPLICATE_METHOD_MATCH = YES;
				COPY_PHASE_STRIP = NO;
				DEBUG_INFORMATION_FORMAT = dwarf;
				ENABLE_STRICT_OBJC_MSGSEND = YES;
				ENABLE_TESTABILITY = YES;
				GCC_C_LANGUAGE_STANDARD = gnu11;
				GCC_DYNAMIC_NO_PIC = NO;
				GCC_NO_COMMON_BLOCKS = YES;
				GCC_OPTIMIZATION_LEVEL = 0;
				GCC_PREPROCESSOR_DEFINITIONS = (
					"DEBUG=1",
					"$(inherited)",
				);
				GCC_WARN_64_TO_32_BIT_CONVERSION = YES;
				GCC_WARN_ABOUT_RETURN_TYPE = YES_ERROR;
				GCC_WARN_UNDECLARED_SELECTOR = YES;
				GCC_WARN_UNINITIALIZED_AUTOS = YES_AGGRESSIVE;
				GCC_WARN_UNUSED_FUNCTION = YES;
				GCC_WARN_UNUSED_VARIABLE = YES;
				IPHONEOS_DEPLOYMENT_TARGET = 16.2;
				MTL_ENABLE_DEBUG_INFO = INCLUDE_SOURCE;
				MTL_FAST_MATH = YES;
				ONLY_ACTIVE_ARCH = YES;
				SDKROOT = iphoneos;
				SWIFT_ACTIVE_COMPILATION_CONDITIONS = DEBUG;
				SWIFT_OPTIMIZATION_LEVEL = "-Onone";
			};
			name = Debug;
		};
		6EA0565B2972F82800F39AAC /* Release */ = {
			isa = XCBuildConfiguration;
			buildSettings = {
				ALWAYS_SEARCH_USER_PATHS = NO;
				CLANG_ANALYZER_NONNULL = YES;
				CLANG_ANALYZER_NUMBER_OBJECT_CONVERSION = YES_AGGRESSIVE;
				CLANG_CXX_LANGUAGE_STANDARD = "gnu++20";
				CLANG_ENABLE_MODULES = YES;
				CLANG_ENABLE_OBJC_ARC = YES;
				CLANG_ENABLE_OBJC_WEAK = YES;
				CLANG_WARN_BLOCK_CAPTURE_AUTORELEASING = YES;
				CLANG_WARN_BOOL_CONVERSION = YES;
				CLANG_WARN_COMMA = YES;
				CLANG_WARN_CONSTANT_CONVERSION = YES;
				CLANG_WARN_DEPRECATED_OBJC_IMPLEMENTATIONS = YES;
				CLANG_WARN_DIRECT_OBJC_ISA_USAGE = YES_ERROR;
				CLANG_WARN_DOCUMENTATION_COMMENTS = YES;
				CLANG_WARN_EMPTY_BODY = YES;
				CLANG_WARN_ENUM_CONVERSION = YES;
				CLANG_WARN_INFINITE_RECURSION = YES;
				CLANG_WARN_INT_CONVERSION = YES;
				CLANG_WARN_NON_LITERAL_NULL_CONVERSION = YES;
				CLANG_WARN_OBJC_IMPLICIT_RETAIN_SELF = YES;
				CLANG_WARN_OBJC_LITERAL_CONVERSION = YES;
				CLANG_WARN_OBJC_ROOT_CLASS = YES_ERROR;
				CLANG_WARN_QUOTED_INCLUDE_IN_FRAMEWORK_HEADER = YES;
				CLANG_WARN_RANGE_LOOP_ANALYSIS = YES;
				CLANG_WARN_STRICT_PROTOTYPES = YES;
				CLANG_WARN_SUSPICIOUS_MOVE = YES;
				CLANG_WARN_UNGUARDED_AVAILABILITY = YES_AGGRESSIVE;
				CLANG_WARN_UNREACHABLE_CODE = YES;
				CLANG_WARN__DUPLICATE_METHOD_MATCH = YES;
				COPY_PHASE_STRIP = NO;
				DEBUG_INFORMATION_FORMAT = "dwarf-with-dsym";
				ENABLE_NS_ASSERTIONS = NO;
				ENABLE_STRICT_OBJC_MSGSEND = YES;
				GCC_C_LANGUAGE_STANDARD = gnu11;
				GCC_NO_COMMON_BLOCKS = YES;
				GCC_WARN_64_TO_32_BIT_CONVERSION = YES;
				GCC_WARN_ABOUT_RETURN_TYPE = YES_ERROR;
				GCC_WARN_UNDECLARED_SELECTOR = YES;
				GCC_WARN_UNINITIALIZED_AUTOS = YES_AGGRESSIVE;
				GCC_WARN_UNUSED_FUNCTION = YES;
				GCC_WARN_UNUSED_VARIABLE = YES;
				IPHONEOS_DEPLOYMENT_TARGET = 16.2;
				MTL_ENABLE_DEBUG_INFO = NO;
				MTL_FAST_MATH = YES;
				SDKROOT = iphoneos;
				SWIFT_COMPILATION_MODE = wholemodule;
				SWIFT_OPTIMIZATION_LEVEL = "-O";
				VALIDATE_PRODUCT = YES;
			};
			name = Release;
		};
		6EA0565D2972F82800F39AAC /* Debug */ = {
			isa = XCBuildConfiguration;
			buildSettings = {
				ASSETCATALOG_COMPILER_APPICON_NAME = AppIcon;
				ASSETCATALOG_COMPILER_GLOBAL_ACCENT_COLOR_NAME = AccentColor;
				CODE_SIGN_STYLE = Automatic;
				CURRENT_PROJECT_VERSION = 1;
				DEVELOPMENT_ASSET_PATHS = "\"ScoreTrack/Preview Content\"";
				DEVELOPMENT_TEAM = 97YH7XTK2J;
				ENABLE_PREVIEWS = YES;
				GENERATE_INFOPLIST_FILE = YES;
				INFOPLIST_KEY_UIApplicationSceneManifest_Generation = YES;
				INFOPLIST_KEY_UIApplicationSupportsIndirectInputEvents = YES;
				INFOPLIST_KEY_UILaunchScreen_Generation = YES;
				INFOPLIST_KEY_UISupportedInterfaceOrientations_iPad = "UIInterfaceOrientationPortrait UIInterfaceOrientationPortraitUpsideDown UIInterfaceOrientationLandscapeLeft UIInterfaceOrientationLandscapeRight";
				INFOPLIST_KEY_UISupportedInterfaceOrientations_iPhone = "UIInterfaceOrientationPortrait UIInterfaceOrientationLandscapeLeft UIInterfaceOrientationLandscapeRight";
				LD_RUNPATH_SEARCH_PATHS = (
					"$(inherited)",
					"@executable_path/Frameworks",
				);
				MARKETING_VERSION = 1.0;
				PRODUCT_BUNDLE_IDENTIFIER = com.pablo.penalva.ScoreTrack;
				PRODUCT_NAME = "$(TARGET_NAME)";
				SWIFT_EMIT_LOC_STRINGS = YES;
				SWIFT_VERSION = 5.0;
				TARGETED_DEVICE_FAMILY = "1,2";
			};
			name = Debug;
		};
		6EA0565E2972F82800F39AAC /* Release */ = {
			isa = XCBuildConfiguration;
			buildSettings = {
				ASSETCATALOG_COMPILER_APPICON_NAME = AppIcon;
				ASSETCATALOG_COMPILER_GLOBAL_ACCENT_COLOR_NAME = AccentColor;
				CODE_SIGN_STYLE = Automatic;
				CURRENT_PROJECT_VERSION = 1;
				DEVELOPMENT_ASSET_PATHS = "\"ScoreTrack/Preview Content\"";
				DEVELOPMENT_TEAM = 97YH7XTK2J;
				ENABLE_PREVIEWS = YES;
				GENERATE_INFOPLIST_FILE = YES;
				INFOPLIST_KEY_UIApplicationSceneManifest_Generation = YES;
				INFOPLIST_KEY_UIApplicationSupportsIndirectInputEvents = YES;
				INFOPLIST_KEY_UILaunchScreen_Generation = YES;
				INFOPLIST_KEY_UISupportedInterfaceOrientations_iPad = "UIInterfaceOrientationPortrait UIInterfaceOrientationPortraitUpsideDown UIInterfaceOrientationLandscapeLeft UIInterfaceOrientationLandscapeRight";
				INFOPLIST_KEY_UISupportedInterfaceOrientations_iPhone = "UIInterfaceOrientationPortrait UIInterfaceOrientationLandscapeLeft UIInterfaceOrientationLandscapeRight";
				LD_RUNPATH_SEARCH_PATHS = (
					"$(inherited)",
					"@executable_path/Frameworks",
				);
				MARKETING_VERSION = 1.0;
				PRODUCT_BUNDLE_IDENTIFIER = com.pablo.penalva.ScoreTrack;
				PRODUCT_NAME = "$(TARGET_NAME)";
				SWIFT_EMIT_LOC_STRINGS = YES;
				SWIFT_VERSION = 5.0;
				TARGETED_DEVICE_FAMILY = "1,2";
			};
			name = Release;
		};
/* End XCBuildConfiguration section */

/* Begin XCConfigurationList section */
		6EA056492972F82600F39AAC /* Build configuration list for PBXProject "ScoreTrack" */ = {
			isa = XCConfigurationList;
			buildConfigurations = (
				6EA0565A2972F82800F39AAC /* Debug */,
				6EA0565B2972F82800F39AAC /* Release */,
			);
			defaultConfigurationIsVisible = 0;
			defaultConfigurationName = Release;
		};
		6EA0565C2972F82800F39AAC /* Build configuration list for PBXNativeTarget "ScoreTrack" */ = {
			isa = XCConfigurationList;
			buildConfigurations = (
				6EA0565D2972F82800F39AAC /* Debug */,
				6EA0565E2972F82800F39AAC /* Release */,
			);
			defaultConfigurationIsVisible = 0;
			defaultConfigurationName = Release;
		};
/* End XCConfigurationList section */
	};
	rootObject = 6EA056462972F82600F39AAC /* Project object */;
}
